PODS:
  - JCSwiftCommon (1.0.0):
    - JCSwiftCommon/Common (= 1.0.0)
    - "JCSwiftCommon/Foundation+Ext (= 1.0.0)"
    - "JCSwiftCommon/SwiftUI+Ext (= 1.0.0)"
  - JCSwiftCommon/Common (1.0.0)
  - "JCSwiftCommon/Foundation+Ext (1.0.0)"
  - "JCSwiftCommon/SwiftUI+Ext (1.0.0)"

DEPENDENCIES:
  - JCSwiftCommon (from `../`)

EXTERNAL SOURCES:
  JCSwiftCommon:
    :path: "../"

SPEC CHECKSUMS:
  JCSwiftCommon: 82a31af37d4240135567df275a2864f49be8a322

PODFILE CHECKSUM: 9d805fdfc44a55e8830b13ec90efe6879ea5f39d

COCOAPODS: 1.15.2
